
Microsoft Visual Studio Solution File, Format Version 11.00
# Visual Studio 2010
Project("{8BC9CEB8-8B4A-11D0-8D11-00A0C91BC942}") = "DemuxGui", "DemuxGui.vcxproj", "{1ADEDEC1-EA88-A621-5CE7-1E39C53F10AA}"
EndProject
Global
	GlobalSection(SolutionConfigurationPlatforms) = preSolution
		Debug|Win32 = Debug|Win32
		Release|Win32 = Release|Win32
	EndGlobalSection
	GlobalSection(ProjectConfigurationPlatforms) = postSolution
		{1ADEDEC1-EA88-A621-5CE7-1E39C53F10AA}.Debug|Win32.ActiveCfg = Debug|Win32
		{1ADEDEC1-EA88-A621-5CE7-1E39C53F10AA}.Debug|Win32.Build.0 = Debug|Win32
		{1ADEDEC1-EA88-A621-5CE7-1E39C53F10AA}.Release|Win32.ActiveCfg = Release|Win32
		{1ADEDEC1-EA88-A621-5CE7-1E39C53F10AA}.Release|Win32.Build.0 = Release|Win32
	EndGlobalSection
	GlobalSection(SolutionProperties) = preSolution
		HideSolutionNode = FALSE
	EndGlobalSection
EndGlobal
